
Microsoft Visual Studio Solution File, Format Version 12.00
# Visual Studio Version 17
VisualStudioVersion = 17.2.32616.157
MinimumVisualStudioVersion = 10.0.40219.1
Project("{FAE04EC0-301F-11D3-BF4B-00C04F79EFBC}") = "Campania.WebApi", "Campania.WebApi\Campania.WebApi.csproj", "{B31D9FB0-2BD5-4216-A1A4-1755ABA8C904}"
EndProject
Project("{FAE04EC0-301F-11D3-BF4B-00C04F79EFBC}") = "Campania.DataAccess", "Campania.DataAccess\Campania.DataAccess.csproj", "{D8E5E556-E65A-473D-A926-6852FD9064B9}"
EndProject
Global
	GlobalSection(SolutionConfigurationPlatforms) = preSolution
		Debug|Any CPU = Debug|Any CPU
		Release|Any CPU = Release|Any CPU
	EndGlobalSection
	GlobalSection(ProjectConfigurationPlatforms) = postSolution
		{B31D9FB0-2BD5-4216-A1A4-1755ABA8C904}.Debug|Any CPU.ActiveCfg = Debug|Any CPU
		{B31D9FB0-2BD5-4216-A1A4-1755ABA8C904}.Debug|Any CPU.Build.0 = Debug|Any CPU
		{B31D9FB0-2BD5-4216-A1A4-1755ABA8C904}.Release|Any CPU.ActiveCfg = Release|Any CPU
		{B31D9FB0-2BD5-4216-A1A4-1755ABA8C904}.Release|Any CPU.Build.0 = Release|Any CPU
		{D8E5E556-E65A-473D-A926-6852FD9064B9}.Debug|Any CPU.ActiveCfg = Debug|Any CPU
		{D8E5E556-E65A-473D-A926-6852FD9064B9}.Debug|Any CPU.Build.0 = Debug|Any CPU
		{D8E5E556-E65A-473D-A926-6852FD9064B9}.Release|Any CPU.ActiveCfg = Release|Any CPU
		{D8E5E556-E65A-473D-A926-6852FD9064B9}.Release|Any CPU.Build.0 = Release|Any CPU
	EndGlobalSection
	GlobalSection(SolutionProperties) = preSolution
		HideSolutionNode = FALSE
	EndGlobalSection
	GlobalSection(ExtensibilityGlobals) = postSolution
		SolutionGuid = {8016F99E-656A-498B-A4E7-0CC46AA8F4F6}
	EndGlobalSection
EndGlobal
